// !$*UTF8*$!
{
	archiveVersion = 1;
	classes = {
	};
	objectVersion = 50;
	objects = {

/* Begin PBXBuildFile section */
		3085300A254D6871004B37EB /* AppDelegate.m in Sources */ = {isa = PBXBuildFile; fileRef = 30853009254D6871004B37EB /* AppDelegate.m */; };
		3085300D254D6871004B37EB /* SceneDelegate.m in Sources */ = {isa = PBXBuildFile; fileRef = 3085300C254D6871004B37EB /* SceneDelegate.m */; };
		30853010254D6871004B37EB /* ViewController.m in Sources */ = {isa = PBXBuildFile; fileRef = 3085300F254D6871004B37EB /* ViewController.m */; };
		30853013254D6871004B37EB /* Main.storyboard in Resources */ = {isa = PBXBuildFile; fileRef = 30853011254D6871004B37EB /* Main.storyboard */; };
		30853015254D6872004B37EB /* Assets.xcassets in Resources */ = {isa = PBXBuildFile; fileRef = 30853014254D6872004B37EB /* Assets.xcassets */; };
		30853018254D6872004B37EB /* LaunchScreen.storyboard in Resources */ = {isa = PBXBuildFile; fileRef = 30853016254D6872004B37EB /* LaunchScreen.storyboard */; };
		3085301B254D6872004B37EB /* main.m in Sources */ = {isa = PBXBuildFile; fileRef = 3085301A254D6872004B37EB /* main.m */; };
		30853024254D68A4004B37EB /* BulletView.m in Sources */ = {isa = PBXBuildFile; fileRef = 30853023254D68A4004B37EB /* BulletView.m */; };
		30853028254D68D8004B37EB /* BulletManager.m in Sources */ = {isa = PBXBuildFile; fileRef = 30853027254D68D8004B37EB /* BulletManager.m */; };
/* End PBXBuildFile section */

/* Begin PBXFileReference section */
		30853005254D6871004B37EB /* barrage.app */ = {isa = PBXFileReference; explicitFileType = wrapper.application; includeInIndex = 0; path = barrage.app; sourceTree = BUILT_PRODUCTS_DIR; };
		30853008254D6871004B37EB /* AppDelegate.h */ = {isa = PBXFileReference; lastKnownFileType = sourcecode.c.h; path = AppDelegate.h; sourceTree = "<group>"; };
		30853009254D6871004B37EB /* AppDelegate.m */ = {isa = PBXFileReference; lastKnownFileType = sourcecode.c.objc; path = AppDelegate.m; sourceTree = "<group>"; };
		3085300B254D6871004B37EB /* SceneDelegate.h */ = {isa = PBXFileReference; lastKnownFileType = sourcecode.c.h; path = SceneDelegate.h; sourceTree = "<group>"; };
		3085300C254D6871004B37EB /* SceneDelegate.m */ = {isa = PBXFileReference; lastKnownFileType = sourcecode.c.objc; path = SceneDelegate.m; sourceTree = "<group>"; };
		3085300E254D6871004B37EB /* ViewController.h */ = {isa = PBXFileReference; lastKnownFileType = sourcecode.c.h; path = ViewController.h; sourceTree = "<group>"; };
		3085300F254D6871004B37EB /* ViewController.m */ = {isa = PBXFileReference; lastKnownFileType = sourcecode.c.objc; path = ViewController.m; sourceTree = "<group>"; };
		30853012254D6871004B37EB /* Base */ = {isa = PBXFileReference; lastKnownFileType = file.storyboard; name = Base; path = Base.lproj/Main.storyboard; sourceTree = "<group>"; };
		30853014254D6872004B37EB /* Assets.xcassets */ = {isa = PBXFileReference; lastKnownFileType = folder.assetcatalog; path = Assets.xcassets; sourceTree = "<group>"; };
		30853017254D6872004B37EB /* Base */ = {isa = PBXFileReference; lastKnownFileType = file.storyboard; name = Base; path = Base.lproj/LaunchScreen.storyboard; sourceTree = "<group>"; };
		30853019254D6872004B37EB /* Info.plist */ = {isa = PBXFileReference; lastKnownFileType = text.plist.xml; path = Info.plist; sourceTree = "<group>"; };
		3085301A254D6872004B37EB /* main.m */ = {isa = PBXFileReference; lastKnownFileType = sourcecode.c.objc; path = main.m; sourceTree = "<group>"; };
		30853022254D68A4004B37EB /* BulletView.h */ = {isa = PBXFileReference; lastKnownFileType = sourcecode.c.h; path = BulletView.h; sourceTree = "<group>"; };
		30853023254D68A4004B37EB /* BulletView.m */ = {isa = PBXFileReference; lastKnownFileType = sourcecode.c.objc; path = BulletView.m; sourceTree = "<group>"; };
		30853026254D68D8004B37EB /* BulletManager.h */ = {isa = PBXFileReference; lastKnownFileType = sourcecode.c.h; path = BulletManager.h; sourceTree = "<group>"; };
		30853027254D68D8004B37EB /* BulletManager.m */ = {isa = PBXFileReference; lastKnownFileType = sourcecode.c.objc; path = BulletManager.m; sourceTree = "<group>"; };
/* End PBXFileReference section */

/* Begin PBXFrameworksBuildPhase section */
		30853002254D6871004B37EB /* Frameworks */ = {
			isa = PBXFrameworksBuildPhase;
			buildActionMask = 2147483647;
			files = (
			);
			runOnlyForDeploymentPostprocessing = 0;
		};
/* End PBXFrameworksBuildPhase section */

/* Begin PBXGroup section */
		30852FFC254D6871004B37EB = {
			isa = PBXGroup;
			children = (
				30853007254D6871004B37EB /* barrage */,
				30853006254D6871004B37EB /* Products */,
			);
			sourceTree = "<group>";
		};
		30853006254D6871004B37EB /* Products */ = {
			isa = PBXGroup;
			children = (
				30853005254D6871004B37EB /* barrage.app */,
			);
			name = Products;
			sourceTree = "<group>";
		};
		30853007254D6871004B37EB /* barrage */ = {
			isa = PBXGroup;
			children = (
				30853008254D6871004B37EB /* AppDelegate.h */,
				30853009254D6871004B37EB /* AppDelegate.m */,
				3085300B254D6871004B37EB /* SceneDelegate.h */,
				3085300C254D6871004B37EB /* SceneDelegate.m */,
				3085300E254D6871004B37EB /* ViewController.h */,
				3085300F254D6871004B37EB /* ViewController.m */,
				30853011254D6871004B37EB /* Main.storyboard */,
				30853014254D6872004B37EB /* Assets.xcassets */,
				30853016254D6872004B37EB /* LaunchScreen.storyboard */,
				30853019254D6872004B37EB /* Info.plist */,
				3085301A254D6872004B37EB /* main.m */,
				30853022254D68A4004B37EB /* BulletView.h */,
				30853023254D68A4004B37EB /* BulletView.m */,
				30853026254D68D8004B37EB /* BulletManager.h */,
				30853027254D68D8004B37EB /* BulletManager.m */,
			);
			path = barrage;
			sourceTree = "<group>";
		};
/* End PBXGroup section */

/* Begin PBXNativeTarget section */
		30853004254D6871004B37EB /* barrage */ = {
			isa = PBXNativeTarget;
			buildConfigurationList = 3085301E254D6872004B37EB /* Build configuration list for PBXNativeTarget "barrage" */;
			buildPhases = (
				30853001254D6871004B37EB /* Sources */,
				30853002254D6871004B37EB /* Frameworks */,
				30853003254D6871004B37EB /* Resources */,
			);
			buildRules = (
			);
			dependencies = (
			);
			name = barrage;
			productName = barrage;
			productReference = 30853005254D6871004B37EB /* barrage.app */;
			productType = "com.apple.product-type.application";
		};
/* End PBXNativeTarget section */

/* Begin PBXProject section */
		30852FFD254D6871004B37EB /* Project object */ = {
			isa = PBXProject;
			attributes = {
				LastUpgradeCheck = 1210;
				TargetAttributes = {
					30853004254D6871004B37EB = {
						CreatedOnToolsVersion = 12.1;
					};
				};
			};
			buildConfigurationList = 30853000254D6871004B37EB /* Build configuration list for PBXProject "barrage" */;
			compatibilityVersion = "Xcode 9.3";
			developmentRegion = en;
			hasScannedForEncodings = 0;
			knownRegions = (
				en,
				Base,
			);
			mainGroup = 30852FFC254D6871004B37EB;
			productRefGroup = 30853006254D6871004B37EB /* Products */;
			projectDirPath = "";
			projectRoot = "";
			targets = (
				30853004254D6871004B37EB /* barrage */,
			);
		};
/* End PBXProject section */

/* Begin PBXResourcesBuildPhase section */
		30853003254D6871004B37EB /* Resources */ = {
			isa = PBXResourcesBuildPhase;
			buildActionMask = 2147483647;
			files = (
				30853018254D6872004B37EB /* LaunchScreen.storyboard in Resources */,
				30853015254D6872004B37EB /* Assets.xcassets in Resources */,
				30853013254D6871004B37EB /* Main.storyboard in Resources */,
			);
			runOnlyForDeploymentPostprocessing = 0;
		};
/* End PBXResourcesBuildPhase section */

/* Begin PBXSourcesBuildPhase section */
		30853001254D6871004B37EB /* Sources */ = {
			isa = PBXSourcesBuildPhase;
			buildActionMask = 2147483647;
			files = (
				30853010254D6871004B37EB /* ViewController.m in Sources */,
				3085300A254D6871004B37EB /* AppDelegate.m in Sources */,
				3085301B254D6872004B37EB /* main.m in Sources */,
				30853028254D68D8004B37EB /* BulletManager.m in Sources */,
				30853024254D68A4004B37EB /* BulletView.m in Sources */,
				3085300D254D6871004B37EB /* SceneDelegate.m in Sources */,
			);
			runOnlyForDeploymentPostprocessing = 0;
		};
/* End PBXSourcesBuildPhase section */

/* Begin PBXVariantGroup section */
		30853011254D6871004B37EB /* Main.storyboard */ = {
			isa = PBXVariantGroup;
			children = (
				30853012254D6871004B37EB /* Base */,
			);
			name = Main.storyboard;
			sourceTree = "<group>";
		};
		30853016254D6872004B37EB /* LaunchScreen.storyboard */ = {
			isa = PBXVariantGroup;
			children = (
				30853017254D6872004B37EB /* Base */,
			);
			name = LaunchScreen.storyboard;
			sourceTree = "<group>";
		};
/* End PBXVariantGroup section */

/* Begin XCBuildConfiguration section */
		3085301C254D6872004B37EB /* Debug */ = {
			isa = XCBuildConfiguration;
			buildSettings = {
				ALWAYS_SEARCH_USER_PATHS = NO;
				CLANG_ANALYZER_NONNULL = YES;
				CLANG_ANALYZER_NUMBER_OBJECT_CONVERSION = YES_AGGRESSIVE;
				CLANG_CXX_LANGUAGE_STANDARD = "gnu++14";
				CLANG_CXX_LIBRARY = "libc++";
				CLANG_ENABLE_MODULES = YES;
				CLANG_ENABLE_OBJC_ARC = YES;
				CLANG_ENABLE_OBJC_WEAK = YES;
				CLANG_WARN_BLOCK_CAPTURE_AUTORELEASING = YES;
				CLANG_WARN_BOOL_CONVERSION = YES;
				CLANG_WARN_COMMA = YES;
				CLANG_WARN_CONSTANT_CONVERSION = YES;
				CLANG_WARN_DEPRECATED_OBJC_IMPLEMENTATIONS = YES;
				CLANG_WARN_DIRECT_OBJC_ISA_USAGE = YES_ERROR;
				CLANG_WARN_DOCUMENTATION_COMMENTS = YES;
				CLANG_WARN_EMPTY_BODY = YES;
				CLANG_WARN_ENUM_CONVERSION = YES;
				CLANG_WARN_INFINITE_RECURSION = YES;
				CLANG_WARN_INT_CONVERSION = YES;
				CLANG_WARN_NON_LITERAL_NULL_CONVERSION = YES;
				CLANG_WARN_OBJC_IMPLICIT_RETAIN_SELF = YES;
				CLANG_WARN_OBJC_LITERAL_CONVERSION = YES;
				CLANG_WARN_OBJC_ROOT_CLASS = YES_ERROR;
				CLANG_WARN_QUOTED_INCLUDE_IN_FRAMEWORK_HEADER = YES;
				CLANG_WARN_RANGE_LOOP_ANALYSIS = YES;
				CLANG_WARN_STRICT_PROTOTYPES = YES;
				CLANG_WARN_SUSPICIOUS_MOVE = YES;
				CLANG_WARN_UNGUARDED_AVAILABILITY = YES_AGGRESSIVE;
				CLANG_WARN_UNREACHABLE_CODE = YES;
				CLANG_WARN__DUPLICATE_METHOD_MATCH = YES;
				COPY_PHASE_STRIP = NO;
				DEBUG_INFORMATION_FORMAT = dwarf;
				ENABLE_STRICT_OBJC_MSGSEND = YES;
				ENABLE_TESTABILITY = YES;
				GCC_C_LANGUAGE_STANDARD = gnu11;
				GCC_DYNAMIC_NO_PIC = NO;
				GCC_NO_COMMON_BLOCKS = YES;
				GCC_OPTIMIZATION_LEVEL = 0;
				GCC_PREPROCESSOR_DEFINITIONS = (
					"DEBUG=1",
					"$(inherited)",
				);
				GCC_WARN_64_TO_32_BIT_CONVERSION = YES;
				GCC_WARN_ABOUT_RETURN_TYPE = YES_ERROR;
				GCC_WARN_UNDECLARED_SELECTOR = YES;
				GCC_WARN_UNINITIALIZED_AUTOS = YES_AGGRESSIVE;
				GCC_WARN_UNUSED_FUNCTION = YES;
				GCC_WARN_UNUSED_VARIABLE = YES;
				IPHONEOS_DEPLOYMENT_TARGET = 14.1;
				MTL_ENABLE_DEBUG_INFO = INCLUDE_SOURCE;
				MTL_FAST_MATH = YES;
				ONLY_ACTIVE_ARCH = YES;
				SDKROOT = iphoneos;
			};
			name = Debug;
		};
		3085301D254D6872004B37EB /* Release */ = {
			isa = XCBuildConfiguration;
			buildSettings = {
				ALWAYS_SEARCH_USER_PATHS = NO;
				CLANG_ANALYZER_NONNULL = YES;
				CLANG_ANALYZER_NUMBER_OBJECT_CONVERSION = YES_AGGRESSIVE;
				CLANG_CXX_LANGUAGE_STANDARD = "gnu++14";
				CLANG_CXX_LIBRARY = "libc++";
				CLANG_ENABLE_MODULES = YES;
				CLANG_ENABLE_OBJC_ARC = YES;
				CLANG_ENABLE_OBJC_WEAK = YES;
				CLANG_WARN_BLOCK_CAPTURE_AUTORELEASING = YES;
				CLANG_WARN_BOOL_CONVERSION = YES;
				CLANG_WARN_COMMA = YES;
				CLANG_WARN_CONSTANT_CONVERSION = YES;
				CLANG_WARN_DEPRECATED_OBJC_IMPLEMENTATIONS = YES;
				CLANG_WARN_DIRECT_OBJC_ISA_USAGE = YES_ERROR;
				CLANG_WARN_DOCUMENTATION_COMMENTS = YES;
				CLANG_WARN_EMPTY_BODY = YES;
				CLANG_WARN_ENUM_CONVERSION = YES;
				CLANG_WARN_INFINITE_RECURSION = YES;
				CLANG_WARN_INT_CONVERSION = YES;
				CLANG_WARN_NON_LITERAL_NULL_CONVERSION = YES;
				CLANG_WARN_OBJC_IMPLICIT_RETAIN_SELF = YES;
				CLANG_WARN_OBJC_LITERAL_CONVERSION = YES;
				CLANG_WARN_OBJC_ROOT_CLASS = YES_ERROR;
				CLANG_WARN_QUOTED_INCLUDE_IN_FRAMEWORK_HEADER = YES;
				CLANG_WARN_RANGE_LOOP_ANALYSIS = YES;
				CLANG_WARN_STRICT_PROTOTYPES = YES;
				CLANG_WARN_SUSPICIOUS_MOVE = YES;
				CLANG_WARN_UNGUARDED_AVAILABILITY = YES_AGGRESSIVE;
				CLANG_WARN_UNREACHABLE_CODE = YES;
				CLANG_WARN__DUPLICATE_METHOD_MATCH = YES;
				COPY_PHASE_STRIP = NO;
				DEBUG_INFORMATION_FORMAT = "dwarf-with-dsym";
				ENABLE_NS_ASSERTIONS = NO;
				ENABLE_STRICT_OBJC_MSGSEND = YES;
				GCC_C_LANGUAGE_STANDARD = gnu11;
				GCC_NO_COMMON_BLOCKS = YES;
				GCC_WARN_64_TO_32_BIT_CONVERSION = YES;
				GCC_WARN_ABOUT_RETURN_TYPE = YES_ERROR;
				GCC_WARN_UNDECLARED_SELECTOR = YES;
				GCC_WARN_UNINITIALIZED_AUTOS = YES_AGGRESSIVE;
				GCC_WARN_UNUSED_FUNCTION = YES;
				GCC_WARN_UNUSED_VARIABLE = YES;
				IPHONEOS_DEPLOYMENT_TARGET = 14.1;
				MTL_ENABLE_DEBUG_INFO = NO;
				MTL_FAST_MATH = YES;
				SDKROOT = iphoneos;
				VALIDATE_PRODUCT = YES;
			};
			name = Release;
		};
		3085301F254D6872004B37EB /* Debug */ = {
			isa = XCBuildConfiguration;
			buildSettings = {
				ASSETCATALOG_COMPILER_APPICON_NAME = AppIcon;
				ASSETCATALOG_COMPILER_GLOBAL_ACCENT_COLOR_NAME = AccentColor;
				CODE_SIGN_STYLE = Automatic;
				DEVELOPMENT_TEAM = T8X8L4U33S;
				INFOPLIST_FILE = barrage/Info.plist;
				IPHONEOS_DEPLOYMENT_TARGET = 12.1;
				LD_RUNPATH_SEARCH_PATHS = (
					"$(inherited)",
					"@executable_path/Frameworks",
				);
				PRODUCT_BUNDLE_IDENTIFIER = com.pinguo.barrage;
				PRODUCT_NAME = "$(TARGET_NAME)";
				TARGETED_DEVICE_FAMILY = 1;
			};
			name = Debug;
		};
		30853020254D6872004B37EB /* Release */ = {
			isa = XCBuildConfiguration;
			buildSettings = {
				ASSETCATALOG_COMPILER_APPICON_NAME = AppIcon;
				ASSETCATALOG_COMPILER_GLOBAL_ACCENT_COLOR_NAME = AccentColor;
				CODE_SIGN_STYLE = Automatic;
				DEVELOPMENT_TEAM = T8X8L4U33S;
				INFOPLIST_FILE = barrage/Info.plist;
				IPHONEOS_DEPLOYMENT_TARGET = 12.1;
				LD_RUNPATH_SEARCH_PATHS = (
					"$(inherited)",
					"@executable_path/Frameworks",
				);
				PRODUCT_BUNDLE_IDENTIFIER = com.pinguo.barrage;
				PRODUCT_NAME = "$(TARGET_NAME)";
				TARGETED_DEVICE_FAMILY = 1;
			};
			name = Release;
		};
/* End XCBuildConfiguration section */

/* Begin XCConfigurationList section */
		30853000254D6871004B37EB /* Build configuration list for PBXProject "barrage" */ = {
			isa = XCConfigurationList;
			buildConfigurations = (
				3085301C254D6872004B37EB /* Debug */,
				3085301D254D6872004B37EB /* Release */,
			);
			defaultConfigurationIsVisible = 0;
			defaultConfigurationName = Release;
		};
		3085301E254D6872004B37EB /* Build configuration list for PBXNativeTarget "barrage" */ = {
			isa = XCConfigurationList;
			buildConfigurations = (
				3085301F254D6872004B37EB /* Debug */,
				30853020254D6872004B37EB /* Release */,
			);
			defaultConfigurationIsVisible = 0;
			defaultConfigurationName = Release;
		};
/* End XCConfigurationList section */
	};
	rootObject = 30852FFD254D6871004B37EB /* Project object */;
}
